<Solution>
  <Folder Name="/Files/">
    <File Path="Directory.build.props" />
    <File Path="README.md" />
  </Folder>
  <Folder Name="/src/">
    <Project Path="src/NWebDav.Server.HttpListener/NWebDav.Server.HttpListener.csproj" />
    <Project Path="src/NWebDav.Server/NWebDav.Server.csproj" />
  </Folder>
</Solution>
